
Microsoft Visual Studio Solution File, Format Version 12.00
# Visual Studio Version 17
VisualStudioVersion = 17.14.36212.18
MinimumVisualStudioVersion = 10.0.40219.1
Project("{FAE04EC0-301F-11D3-BF4B-00C04F79EFBC}") = "BZ2TerrainEditor", "BZ2TerrainEditor\BZ2TerrainEditor.csproj", "{DEE4FBCC-F404-48FF-A0B9-2D2FF0899459}"
EndProject
Project("{FAE04EC0-301F-11D3-BF4B-00C04F79EFBC}") = "BZTerrainEditor", "BZTerrainEditor\BZTerrainEditor.csproj", "{4B4A1FEC-FC45-4EDA-BA9A-614DF8ADF013}"
EndProject
Project("{2150E333-8FDC-42A3-9474-1A3956D46DE8}") = "Deps", "Deps", "{02EA681E-C7D8-13C7-8484-4AC65E1B71E8}"
EndProject
Project("{FAE04EC0-301F-11D3-BF4B-00C04F79EFBC}") = "BZMapTools", "Deps\BZMapTools\BZMapTools\BZMapTools.csproj", "{C549A55F-425B-5681-5D3A-473334223D40}"
EndProject
Global
	GlobalSection(SolutionConfigurationPlatforms) = preSolution
		Debug|Any CPU = Debug|Any CPU
		Release|Any CPU = Release|Any CPU
	EndGlobalSection
	GlobalSection(ProjectConfigurationPlatforms) = postSolution
		{DEE4FBCC-F404-48FF-A0B9-2D2FF0899459}.Debug|Any CPU.ActiveCfg = Debug|Any CPU
		{DEE4FBCC-F404-48FF-A0B9-2D2FF0899459}.Debug|Any CPU.Build.0 = Debug|Any CPU
		{DEE4FBCC-F404-48FF-A0B9-2D2FF0899459}.Release|Any CPU.ActiveCfg = Release|Any CPU
		{DEE4FBCC-F404-48FF-A0B9-2D2FF0899459}.Release|Any CPU.Build.0 = Release|Any CPU
		{4B4A1FEC-FC45-4EDA-BA9A-614DF8ADF013}.Debug|Any CPU.ActiveCfg = Debug|Any CPU
		{4B4A1FEC-FC45-4EDA-BA9A-614DF8ADF013}.Debug|Any CPU.Build.0 = Debug|Any CPU
		{4B4A1FEC-FC45-4EDA-BA9A-614DF8ADF013}.Release|Any CPU.ActiveCfg = Release|Any CPU
		{4B4A1FEC-FC45-4EDA-BA9A-614DF8ADF013}.Release|Any CPU.Build.0 = Release|Any CPU
		{C549A55F-425B-5681-5D3A-473334223D40}.Debug|Any CPU.ActiveCfg = Debug|Any CPU
		{C549A55F-425B-5681-5D3A-473334223D40}.Debug|Any CPU.Build.0 = Debug|Any CPU
		{C549A55F-425B-5681-5D3A-473334223D40}.Release|Any CPU.ActiveCfg = Release|Any CPU
		{C549A55F-425B-5681-5D3A-473334223D40}.Release|Any CPU.Build.0 = Release|Any CPU
	EndGlobalSection
	GlobalSection(SolutionProperties) = preSolution
		HideSolutionNode = FALSE
	EndGlobalSection
	GlobalSection(NestedProjects) = preSolution
		{C549A55F-425B-5681-5D3A-473334223D40} = {02EA681E-C7D8-13C7-8484-4AC65E1B71E8}
	EndGlobalSection
	GlobalSection(ExtensibilityGlobals) = postSolution
		SolutionGuid = {29C597BE-8A51-4692-A716-5193D6656DE4}
	EndGlobalSection
EndGlobal
